
Microsoft Visual Studio Solution File, Format Version 12.00
# Visual Studio Version 17
VisualStudioVersion = 17.9.34616.47
MinimumVisualStudioVersion = 10.0.40219.1
Project("{9A19103F-16F7-4668-BE54-9A1E7A4F7556}") = "ProductionOrderERP_API", "ProductionOrderERP_API\ProductionOrderERP_API.csproj", "{DA0F86E5-F1ED-41D2-8EB3-198F2191C707}"
EndProject
Project("{FAE04EC0-301F-11D3-BF4B-00C04F79EFBC}") = "ProductionOrderERP_API_Tests", "ProductionOrderERP_API_Tests\ProductionOrderERP_API_Tests.csproj", "{B56E3B58-6D84-4B92-9775-B6061A247AA1}"
EndProject
Global
	GlobalSection(SolutionConfigurationPlatforms) = preSolution
		Debug|Any CPU = Debug|Any CPU
		Release|Any CPU = Release|Any CPU
	EndGlobalSection
	GlobalSection(ProjectConfigurationPlatforms) = postSolution
		{DA0F86E5-F1ED-41D2-8EB3-198F2191C707}.Debug|Any CPU.ActiveCfg = Debug|Any CPU
		{DA0F86E5-F1ED-41D2-8EB3-198F2191C707}.Debug|Any CPU.Build.0 = Debug|Any CPU
		{DA0F86E5-F1ED-41D2-8EB3-198F2191C707}.Release|Any CPU.ActiveCfg = Release|Any CPU
		{DA0F86E5-F1ED-41D2-8EB3-198F2191C707}.Release|Any CPU.Build.0 = Release|Any CPU
		{B56E3B58-6D84-4B92-9775-B6061A247AA1}.Debug|Any CPU.ActiveCfg = Debug|Any CPU
		{B56E3B58-6D84-4B92-9775-B6061A247AA1}.Debug|Any CPU.Build.0 = Debug|Any CPU
		{B56E3B58-6D84-4B92-9775-B6061A247AA1}.Release|Any CPU.ActiveCfg = Release|Any CPU
		{B56E3B58-6D84-4B92-9775-B6061A247AA1}.Release|Any CPU.Build.0 = Release|Any CPU
	EndGlobalSection
	GlobalSection(SolutionProperties) = preSolution
		HideSolutionNode = FALSE
	EndGlobalSection
	GlobalSection(ExtensibilityGlobals) = postSolution
		SolutionGuid = {CF5DA936-B70F-4F99-93E6-C1871EDB1974}
	EndGlobalSection
EndGlobal
